
Microsoft Visual Studio Solution File, Format Version 12.00
# Visual Studio Version 16
VisualStudioVersion = 16.0.31321.278
MinimumVisualStudioVersion = 10.0.40219.1
Project("{F184B08F-C81C-45F6-A57F-5ABD9991F28F}") = "InsumoTecnologico", "InsumoTecnologico\InsumoTecnologico.vbproj", "{CFF3B9BB-D249-4119-B4EC-3E86388304E9}"
EndProject
Global
	GlobalSection(SolutionConfigurationPlatforms) = preSolution
		Debug|Any CPU = Debug|Any CPU
		Release|Any CPU = Release|Any CPU
	EndGlobalSection
	GlobalSection(ProjectConfigurationPlatforms) = postSolution
		{CFF3B9BB-D249-4119-B4EC-3E86388304E9}.Debug|Any CPU.ActiveCfg = Debug|Any CPU
		{CFF3B9BB-D249-4119-B4EC-3E86388304E9}.Debug|Any CPU.Build.0 = Debug|Any CPU
		{CFF3B9BB-D249-4119-B4EC-3E86388304E9}.Release|Any CPU.ActiveCfg = Release|Any CPU
		{CFF3B9BB-D249-4119-B4EC-3E86388304E9}.Release|Any CPU.Build.0 = Release|Any CPU
	EndGlobalSection
	GlobalSection(SolutionProperties) = preSolution
		HideSolutionNode = FALSE
	EndGlobalSection
	GlobalSection(ExtensibilityGlobals) = postSolution
		SolutionGuid = {A4C1E035-6CB0-414F-869E-74787AC76EC0}
	EndGlobalSection
EndGlobal
